
Microsoft Visual Studio Solution File, Format Version 12.00
# Visual Studio 15
VisualStudioVersion = 15.0.27130.2026
MinimumVisualStudioVersion = 10.0.40219.1
Project("{FAE04EC0-301F-11D3-BF4B-00C04F79EFBC}") = "WinServices", "WinServices\WinServices.csproj", "{B4C3E00E-1CDC-41FC-8514-89D1FC65EC87}"
	ProjectSection(ProjectDependencies) = postProject
		{309F4A4C-F27E-4506-A0AB-2C13135BA8A4} = {309F4A4C-F27E-4506-A0AB-2C13135BA8A4}
	EndProjectSection
EndProject
Project("{FAE04EC0-301F-11D3-BF4B-00C04F79EFBC}") = "TestDemoApp", "TestDemoApp\TestDemoApp.csproj", "{309F4A4C-F27E-4506-A0AB-2C13135BA8A4}"
EndProject
Project("{FAE04EC0-301F-11D3-BF4B-00C04F79EFBC}") = "WSDLDemoService", "WSDLDemoService\WSDLDemoService.csproj", "{CA93B25C-F0EF-4BEC-96E6-B9DF9AB31652}"
EndProject
Project("{FAE04EC0-301F-11D3-BF4B-00C04F79EFBC}") = "CosumeServiceApp", "CosumeServiceApp\CosumeServiceApp.csproj", "{588BE753-1CA7-482F-8B30-55D15AD24E78}"
	ProjectSection(ProjectDependencies) = postProject
		{CA93B25C-F0EF-4BEC-96E6-B9DF9AB31652} = {CA93B25C-F0EF-4BEC-96E6-B9DF9AB31652}
	EndProjectSection
EndProject
Global
	GlobalSection(SolutionConfigurationPlatforms) = preSolution
		Debug|Any CPU = Debug|Any CPU
		Release|Any CPU = Release|Any CPU
	EndGlobalSection
	GlobalSection(ProjectConfigurationPlatforms) = postSolution
		{B4C3E00E-1CDC-41FC-8514-89D1FC65EC87}.Debug|Any CPU.ActiveCfg = Debug|Any CPU
		{B4C3E00E-1CDC-41FC-8514-89D1FC65EC87}.Debug|Any CPU.Build.0 = Debug|Any CPU
		{B4C3E00E-1CDC-41FC-8514-89D1FC65EC87}.Release|Any CPU.ActiveCfg = Release|Any CPU
		{B4C3E00E-1CDC-41FC-8514-89D1FC65EC87}.Release|Any CPU.Build.0 = Release|Any CPU
		{309F4A4C-F27E-4506-A0AB-2C13135BA8A4}.Debug|Any CPU.ActiveCfg = Debug|Any CPU
		{309F4A4C-F27E-4506-A0AB-2C13135BA8A4}.Debug|Any CPU.Build.0 = Debug|Any CPU
		{309F4A4C-F27E-4506-A0AB-2C13135BA8A4}.Release|Any CPU.ActiveCfg = Release|Any CPU
		{309F4A4C-F27E-4506-A0AB-2C13135BA8A4}.Release|Any CPU.Build.0 = Release|Any CPU
		{CA93B25C-F0EF-4BEC-96E6-B9DF9AB31652}.Debug|Any CPU.ActiveCfg = Debug|Any CPU
		{CA93B25C-F0EF-4BEC-96E6-B9DF9AB31652}.Debug|Any CPU.Build.0 = Debug|Any CPU
		{CA93B25C-F0EF-4BEC-96E6-B9DF9AB31652}.Release|Any CPU.ActiveCfg = Release|Any CPU
		{CA93B25C-F0EF-4BEC-96E6-B9DF9AB31652}.Release|Any CPU.Build.0 = Release|Any CPU
		{588BE753-1CA7-482F-8B30-55D15AD24E78}.Debug|Any CPU.ActiveCfg = Debug|Any CPU
		{588BE753-1CA7-482F-8B30-55D15AD24E78}.Debug|Any CPU.Build.0 = Debug|Any CPU
		{588BE753-1CA7-482F-8B30-55D15AD24E78}.Release|Any CPU.ActiveCfg = Release|Any CPU
		{588BE753-1CA7-482F-8B30-55D15AD24E78}.Release|Any CPU.Build.0 = Release|Any CPU
	EndGlobalSection
	GlobalSection(SolutionProperties) = preSolution
		HideSolutionNode = FALSE
	EndGlobalSection
	GlobalSection(ExtensibilityGlobals) = postSolution
		SolutionGuid = {A87D5EB2-8D3E-44E6-8F0B-60247F78EC93}
	EndGlobalSection
EndGlobal
